
Microsoft Visual Studio Solution File, Format Version 12.00
# Visual Studio Version 16
VisualStudioVersion = 16.0.29318.209
MinimumVisualStudioVersion = 10.0.40219.1
Project("{2150E333-8FDC-42A3-9474-1A3956D46DE8}") = "src", "src", "{D1FAA998-E5ED-4437-A4BF-2530E8754108}"
EndProject
Project("{9A19103F-16F7-4668-BE54-9A1E7A4F7556}") = "MusicLibraryApi", "src\MusicLibraryApi\MusicLibraryApi.csproj", "{2534C515-7F9B-4F7F-9E1A-375A79122AB3}"
EndProject
Project("{9A19103F-16F7-4668-BE54-9A1E7A4F7556}") = "MusicLibraryApi.Abstractions", "src\MusicLibraryApi.Abstractions\MusicLibraryApi.Abstractions.csproj", "{84C12A11-78E1-4488-8AB5-64BF45B7F121}"
EndProject
Project("{9A19103F-16F7-4668-BE54-9A1E7A4F7556}") = "MusicLibraryApi.Dal.EfCore", "src\MusicLibraryApi.Dal.EfCore\MusicLibraryApi.Dal.EfCore.csproj", "{059AC9CB-2768-431F-9AA7-3877EA37F8EB}"
EndProject
Project("{9A19103F-16F7-4668-BE54-9A1E7A4F7556}") = "MusicLibraryApi.Dal.EfCore.Migrations", "src\MusicLibraryApi.Dal.EfCore.Migrations\MusicLibraryApi.Dal.EfCore.Migrations.csproj", "{4DE15510-C5B2-4F80-8232-8B15DBB96B78}"
EndProject
Project("{2150E333-8FDC-42A3-9474-1A3956D46DE8}") = "tests", "tests", "{4F6FFF4D-F723-4840-8F14-466DD8011422}"
EndProject
Project("{9A19103F-16F7-4668-BE54-9A1E7A4F7556}") = "MusicLibraryApi.IntegrationTests", "tests\MusicLibraryApi.IntegrationTests\MusicLibraryApi.IntegrationTests.csproj", "{BE2DDA48-2165-42B2-8020-0BC1797B36A9}"
EndProject
Project("{9A19103F-16F7-4668-BE54-9A1E7A4F7556}") = "MusicLibraryApi.Tests", "tests\MusicLibraryApi.Tests\MusicLibraryApi.Tests.csproj", "{A5721454-BAEE-4FBB-886D-856B20F14096}"
EndProject
Project("{9A19103F-16F7-4668-BE54-9A1E7A4F7556}") = "MusicLibraryApi.Client", "src\MusicLibraryApi.Client\MusicLibraryApi.Client.csproj", "{D879E714-9C2F-4BFD-BF7E-4BCFA116C2C0}"
EndProject
Project("{9A19103F-16F7-4668-BE54-9A1E7A4F7556}") = "MusicLibraryApi.Logic", "src\MusicLibraryApi.Logic\MusicLibraryApi.Logic.csproj", "{89273748-CAF8-471F-B55A-6F4621CDE384}"
EndProject
Project("{9A19103F-16F7-4668-BE54-9A1E7A4F7556}") = "MusicLibraryApi.Logic.Tests", "tests\MusicLibraryApi.Logic.Tests\MusicLibraryApi.Logic.Tests.csproj", "{53314697-ADB0-48F0-8D97-E599F5914989}"
EndProject
Global
	GlobalSection(SolutionConfigurationPlatforms) = preSolution
		Debug|Any CPU = Debug|Any CPU
		Release|Any CPU = Release|Any CPU
	EndGlobalSection
	GlobalSection(ProjectConfigurationPlatforms) = postSolution
		{2534C515-7F9B-4F7F-9E1A-375A79122AB3}.Debug|Any CPU.ActiveCfg = Debug|Any CPU
		{2534C515-7F9B-4F7F-9E1A-375A79122AB3}.Debug|Any CPU.Build.0 = Debug|Any CPU
		{2534C515-7F9B-4F7F-9E1A-375A79122AB3}.Release|Any CPU.ActiveCfg = Release|Any CPU
		{2534C515-7F9B-4F7F-9E1A-375A79122AB3}.Release|Any CPU.Build.0 = Release|Any CPU
		{84C12A11-78E1-4488-8AB5-64BF45B7F121}.Debug|Any CPU.ActiveCfg = Debug|Any CPU
		{84C12A11-78E1-4488-8AB5-64BF45B7F121}.Debug|Any CPU.Build.0 = Debug|Any CPU
		{84C12A11-78E1-4488-8AB5-64BF45B7F121}.Release|Any CPU.ActiveCfg = Release|Any CPU
		{84C12A11-78E1-4488-8AB5-64BF45B7F121}.Release|Any CPU.Build.0 = Release|Any CPU
		{059AC9CB-2768-431F-9AA7-3877EA37F8EB}.Debug|Any CPU.ActiveCfg = Debug|Any CPU
		{059AC9CB-2768-431F-9AA7-3877EA37F8EB}.Debug|Any CPU.Build.0 = Debug|Any CPU
		{059AC9CB-2768-431F-9AA7-3877EA37F8EB}.Release|Any CPU.ActiveCfg = Release|Any CPU
		{059AC9CB-2768-431F-9AA7-3877EA37F8EB}.Release|Any CPU.Build.0 = Release|Any CPU
		{4DE15510-C5B2-4F80-8232-8B15DBB96B78}.Debug|Any CPU.ActiveCfg = Debug|Any CPU
		{4DE15510-C5B2-4F80-8232-8B15DBB96B78}.Debug|Any CPU.Build.0 = Debug|Any CPU
		{4DE15510-C5B2-4F80-8232-8B15DBB96B78}.Release|Any CPU.ActiveCfg = Release|Any CPU
		{4DE15510-C5B2-4F80-8232-8B15DBB96B78}.Release|Any CPU.Build.0 = Release|Any CPU
		{BE2DDA48-2165-42B2-8020-0BC1797B36A9}.Debug|Any CPU.ActiveCfg = Debug|Any CPU
		{BE2DDA48-2165-42B2-8020-0BC1797B36A9}.Debug|Any CPU.Build.0 = Debug|Any CPU
		{BE2DDA48-2165-42B2-8020-0BC1797B36A9}.Release|Any CPU.ActiveCfg = Release|Any CPU
		{BE2DDA48-2165-42B2-8020-0BC1797B36A9}.Release|Any CPU.Build.0 = Release|Any CPU
		{A5721454-BAEE-4FBB-886D-856B20F14096}.Debug|Any CPU.ActiveCfg = Debug|Any CPU
		{A5721454-BAEE-4FBB-886D-856B20F14096}.Debug|Any CPU.Build.0 = Debug|Any CPU
		{A5721454-BAEE-4FBB-886D-856B20F14096}.Release|Any CPU.ActiveCfg = Release|Any CPU
		{A5721454-BAEE-4FBB-886D-856B20F14096}.Release|Any CPU.Build.0 = Release|Any CPU
		{D879E714-9C2F-4BFD-BF7E-4BCFA116C2C0}.Debug|Any CPU.ActiveCfg = Debug|Any CPU
		{D879E714-9C2F-4BFD-BF7E-4BCFA116C2C0}.Debug|Any CPU.Build.0 = Debug|Any CPU
		{D879E714-9C2F-4BFD-BF7E-4BCFA116C2C0}.Release|Any CPU.ActiveCfg = Release|Any CPU
		{D879E714-9C2F-4BFD-BF7E-4BCFA116C2C0}.Release|Any CPU.Build.0 = Release|Any CPU
		{89273748-CAF8-471F-B55A-6F4621CDE384}.Debug|Any CPU.ActiveCfg = Debug|Any CPU
		{89273748-CAF8-471F-B55A-6F4621CDE384}.Debug|Any CPU.Build.0 = Debug|Any CPU
		{89273748-CAF8-471F-B55A-6F4621CDE384}.Release|Any CPU.ActiveCfg = Release|Any CPU
		{89273748-CAF8-471F-B55A-6F4621CDE384}.Release|Any CPU.Build.0 = Release|Any CPU
		{53314697-ADB0-48F0-8D97-E599F5914989}.Debug|Any CPU.ActiveCfg = Debug|Any CPU
		{53314697-ADB0-48F0-8D97-E599F5914989}.Debug|Any CPU.Build.0 = Debug|Any CPU
		{53314697-ADB0-48F0-8D97-E599F5914989}.Release|Any CPU.ActiveCfg = Release|Any CPU
		{53314697-ADB0-48F0-8D97-E599F5914989}.Release|Any CPU.Build.0 = Release|Any CPU
	EndGlobalSection
	GlobalSection(SolutionProperties) = preSolution
		HideSolutionNode = FALSE
	EndGlobalSection
	GlobalSection(NestedProjects) = preSolution
		{2534C515-7F9B-4F7F-9E1A-375A79122AB3} = {D1FAA998-E5ED-4437-A4BF-2530E8754108}
		{84C12A11-78E1-4488-8AB5-64BF45B7F121} = {D1FAA998-E5ED-4437-A4BF-2530E8754108}
		{059AC9CB-2768-431F-9AA7-3877EA37F8EB} = {D1FAA998-E5ED-4437-A4BF-2530E8754108}
		{4DE15510-C5B2-4F80-8232-8B15DBB96B78} = {D1FAA998-E5ED-4437-A4BF-2530E8754108}
		{BE2DDA48-2165-42B2-8020-0BC1797B36A9} = {4F6FFF4D-F723-4840-8F14-466DD8011422}
		{A5721454-BAEE-4FBB-886D-856B20F14096} = {4F6FFF4D-F723-4840-8F14-466DD8011422}
		{D879E714-9C2F-4BFD-BF7E-4BCFA116C2C0} = {D1FAA998-E5ED-4437-A4BF-2530E8754108}
		{89273748-CAF8-471F-B55A-6F4621CDE384} = {D1FAA998-E5ED-4437-A4BF-2530E8754108}
		{53314697-ADB0-48F0-8D97-E599F5914989} = {4F6FFF4D-F723-4840-8F14-466DD8011422}
	EndGlobalSection
	GlobalSection(ExtensibilityGlobals) = postSolution
		SolutionGuid = {82D63505-EB18-49C6-81EE-79AF3E8A8DB3}
	EndGlobalSection
EndGlobal
